
Microsoft Visual Studio Solution File, Format Version 12.00
# Visual Studio Version 17
VisualStudioVersion = 17.14.36603.0 d17.14
MinimumVisualStudioVersion = 10.0.40219.1
Project("{FAE04EC0-301F-11D3-BF4B-00C04F79EFBC}") = "es", "es\es.csproj", "{9C8D20BB-65A8-4E8F-8D75-A11209BF98D5}"
EndProject
Global
	GlobalSection(SolutionConfigurationPlatforms) = preSolution
		Debug|Any CPU = Debug|Any CPU
		Release|Any CPU = Release|Any CPU
	EndGlobalSection
	GlobalSection(ProjectConfigurationPlatforms) = postSolution
		{9C8D20BB-65A8-4E8F-8D75-A11209BF98D5}.Debug|Any CPU.ActiveCfg = Debug|Any CPU
		{9C8D20BB-65A8-4E8F-8D75-A11209BF98D5}.Debug|Any CPU.Build.0 = Debug|Any CPU
		{9C8D20BB-65A8-4E8F-8D75-A11209BF98D5}.Release|Any CPU.ActiveCfg = Release|Any CPU
		{9C8D20BB-65A8-4E8F-8D75-A11209BF98D5}.Release|Any CPU.Build.0 = Release|Any CPU
	EndGlobalSection
	GlobalSection(SolutionProperties) = preSolution
		HideSolutionNode = FALSE
	EndGlobalSection
	GlobalSection(ExtensibilityGlobals) = postSolution
		SolutionGuid = {0BEA1D19-174E-4521-BD65-85FE7384C5B6}
	EndGlobalSection
EndGlobal
